{
  "nodes": {
    "nixpkgs": {
      "locked": {
        "lastModified": 1706338516,
        "narHash": "sha256-T3qyLaImroRZM+oMMtYIrapSz8CyQsTmn6/0H+PCK+k=",
        "owner": "nixos",
        "repo": "nixpkgs",
        "rev": "714069dba3dc49dc469dba01b4410c045fa628f0",
        "type": "github"
      },
      "original": {
        "owner": "nixos",
        "repo": "nixpkgs",
        "type": "github"
      }
    },
    "root": {
      "inputs": {
        "nixpkgs": "nixpkgs"
      }
    }
  },
  "root": "root",
  "version": 7
}
